{
  "name": "npm-process",
  "version": "2.0.0",
  "lockfileVersion": 1,
  "requires": true,
  "dependencies": {
    "child_process": {
      "version": "1.0.2",
      "resolved": "https://registry.npmjs.org/child_process/-/child_process-1.0.2.tgz",
      "integrity": "sha1-sffn/HPSXn/R1FWtyU4UODAYK1o=",
      "dev": true
    },
    "promise-super": {
      "version": "1.0.3",
      "resolved": "https://registry.npmjs.org/promise-super/-/promise-super-1.0.3.tgz",
      "integrity": "sha512-hiW9DZ0AZv2nSMU+wa+yq60pCsGoMa0MQbKRhVBdjZXnmtY6x+6qaLwqShqeKhrCKdnHfdIk+y2zkUcd/niPkA==",
      "dev": true
    }
  }
}
